
Microsoft Visual Studio Solution File, Format Version 12.00
# Visual Studio Version 16
VisualStudioVersion = 16.0.31321.278
MinimumVisualStudioVersion = 10.0.40219.1
Project("{FAE04EC0-301F-11D3-BF4B-00C04F79EFBC}") = "ApiRestCartaoVirtual", "ApiRestCartaoVirtual.csproj", "{04A0CD25-C7BC-4CD6-9B49-1E73B0E51FC7}"
EndProject
Global
	GlobalSection(SolutionConfigurationPlatforms) = preSolution
		Debug|Any CPU = Debug|Any CPU
		Release|Any CPU = Release|Any CPU
	EndGlobalSection
	GlobalSection(ProjectConfigurationPlatforms) = postSolution
		{04A0CD25-C7BC-4CD6-9B49-1E73B0E51FC7}.Debug|Any CPU.ActiveCfg = Debug|Any CPU
		{04A0CD25-C7BC-4CD6-9B49-1E73B0E51FC7}.Debug|Any CPU.Build.0 = Debug|Any CPU
		{04A0CD25-C7BC-4CD6-9B49-1E73B0E51FC7}.Release|Any CPU.ActiveCfg = Release|Any CPU
		{04A0CD25-C7BC-4CD6-9B49-1E73B0E51FC7}.Release|Any CPU.Build.0 = Release|Any CPU
	EndGlobalSection
	GlobalSection(SolutionProperties) = preSolution
		HideSolutionNode = FALSE
	EndGlobalSection
	GlobalSection(ExtensibilityGlobals) = postSolution
		SolutionGuid = {CA86040A-1C98-452C-BC22-51F46E552642}
	EndGlobalSection
EndGlobal
